
Microsoft Visual Studio Solution File, Format Version 12.00
# Visual Studio 15
VisualStudioVersion = 15.0.28010.2026
MinimumVisualStudioVersion = 10.0.40219.1
Project("{8BC9CEB8-8B4A-11D0-8D11-00A0C91BC942}") = "Assignment1", "Assignment1\Assignment1.vcxproj", "{0F107370-C680-449D-A7A5-7404BA5EEBFA}"
EndProject
Project("{8BC9CEB8-8B4A-11D0-8D11-00A0C91BC942}") = "Child1", "Child1\Child1.vcxproj", "{24AF4C6A-A6B3-4BF9-8183-BF612C5E7AB1}"
EndProject
Global
	GlobalSection(SolutionConfigurationPlatforms) = preSolution
		Debug|x64 = Debug|x64
		Debug|x86 = Debug|x86
		Release|x64 = Release|x64
		Release|x86 = Release|x86
	EndGlobalSection
	GlobalSection(ProjectConfigurationPlatforms) = postSolution
		{0F107370-C680-449D-A7A5-7404BA5EEBFA}.Debug|x64.ActiveCfg = Debug|x64
		{0F107370-C680-449D-A7A5-7404BA5EEBFA}.Debug|x64.Build.0 = Debug|x64
		{0F107370-C680-449D-A7A5-7404BA5EEBFA}.Debug|x86.ActiveCfg = Debug|Win32
		{0F107370-C680-449D-A7A5-7404BA5EEBFA}.Debug|x86.Build.0 = Debug|Win32
		{0F107370-C680-449D-A7A5-7404BA5EEBFA}.Release|x64.ActiveCfg = Release|x64
		{0F107370-C680-449D-A7A5-7404BA5EEBFA}.Release|x64.Build.0 = Release|x64
		{0F107370-C680-449D-A7A5-7404BA5EEBFA}.Release|x86.ActiveCfg = Release|Win32
		{0F107370-C680-449D-A7A5-7404BA5EEBFA}.Release|x86.Build.0 = Release|Win32
		{24AF4C6A-A6B3-4BF9-8183-BF612C5E7AB1}.Debug|x64.ActiveCfg = Debug|x64
		{24AF4C6A-A6B3-4BF9-8183-BF612C5E7AB1}.Debug|x64.Build.0 = Debug|x64
		{24AF4C6A-A6B3-4BF9-8183-BF612C5E7AB1}.Debug|x86.ActiveCfg = Debug|Win32
		{24AF4C6A-A6B3-4BF9-8183-BF612C5E7AB1}.Debug|x86.Build.0 = Debug|Win32
		{24AF4C6A-A6B3-4BF9-8183-BF612C5E7AB1}.Release|x64.ActiveCfg = Release|x64
		{24AF4C6A-A6B3-4BF9-8183-BF612C5E7AB1}.Release|x64.Build.0 = Release|x64
		{24AF4C6A-A6B3-4BF9-8183-BF612C5E7AB1}.Release|x86.ActiveCfg = Release|Win32
		{24AF4C6A-A6B3-4BF9-8183-BF612C5E7AB1}.Release|x86.Build.0 = Release|Win32
	EndGlobalSection
	GlobalSection(SolutionProperties) = preSolution
		HideSolutionNode = FALSE
	EndGlobalSection
	GlobalSection(ExtensibilityGlobals) = postSolution
		SolutionGuid = {9CFAD833-00D9-49D7-9A67-91DD90DE435E}
	EndGlobalSection
EndGlobal
